{
	"name": "vscode-language-pack-qps-ploc",
	"version": "1.110.0",
	"lockfileVersion": 3,
	"requires": true,
	"packages": {
		"": {
			"name": "vscode-language-pack-qps-ploc",
			"version": "1.110.0",
			"license": "SEE MIT LICENSE IN LICENSE.md",
			"engines": {
				"vscode": "^1.110.0"
			}
		}
	}
}
